
Microsoft Visual Studio Solution File, Format Version 12.00
# Visual Studio Version 16
VisualStudioVersion = 16.0.30114.105
MinimumVisualStudioVersion = 10.0.40219.1
Project("{9A19103F-16F7-4668-BE54-9A1E7A4F7556}") = "CleanArch.Domain", "CleanArch.Domain\CleanArch.Domain.csproj", "{B6760E13-C5F3-42DD-9737-02B8A93CBF39}"
EndProject
Project("{9A19103F-16F7-4668-BE54-9A1E7A4F7556}") = "CleanArch.Infrastructure", "CleanArch.Infrastructure\CleanArch.Infrastructure.csproj", "{1DCC8249-EB3C-49E2-8093-2ECC4672C2D4}"
EndProject
Project("{FAE04EC0-301F-11D3-BF4B-00C04F79EFBC}") = "CleanArch.Application", "CleanArch.Application\CleanArch.Application.csproj", "{AB7B1ADD-5094-47A9-901D-5770E0BA89A9}"
EndProject
Project("{FAE04EC0-301F-11D3-BF4B-00C04F79EFBC}") = "CleanArch.WebUI", "CleanArch.WebUI\CleanArch.WebUI.csproj", "{13F58F3A-EB76-4EB2-A400-3A4DCED211D7}"
EndProject
Project("{FAE04EC0-301F-11D3-BF4B-00C04F79EFBC}") = "CleanArch.Tests", "CleanArch.Tests\CleanArch.Tests.csproj", "{1636FC52-9ABA-4176-B897-72310426C5B4}"
EndProject
Global
	GlobalSection(SolutionConfigurationPlatforms) = preSolution
		Debug|Any CPU = Debug|Any CPU
		Debug|x64 = Debug|x64
		Debug|x86 = Debug|x86
		Release|Any CPU = Release|Any CPU
		Release|x64 = Release|x64
		Release|x86 = Release|x86
	EndGlobalSection
	GlobalSection(ProjectConfigurationPlatforms) = postSolution
		{B6760E13-C5F3-42DD-9737-02B8A93CBF39}.Debug|Any CPU.ActiveCfg = Debug|Any CPU
		{B6760E13-C5F3-42DD-9737-02B8A93CBF39}.Debug|Any CPU.Build.0 = Debug|Any CPU
		{B6760E13-C5F3-42DD-9737-02B8A93CBF39}.Debug|x64.ActiveCfg = Debug|Any CPU
		{B6760E13-C5F3-42DD-9737-02B8A93CBF39}.Debug|x64.Build.0 = Debug|Any CPU
		{B6760E13-C5F3-42DD-9737-02B8A93CBF39}.Debug|x86.ActiveCfg = Debug|Any CPU
		{B6760E13-C5F3-42DD-9737-02B8A93CBF39}.Debug|x86.Build.0 = Debug|Any CPU
		{B6760E13-C5F3-42DD-9737-02B8A93CBF39}.Release|Any CPU.ActiveCfg = Release|Any CPU
		{B6760E13-C5F3-42DD-9737-02B8A93CBF39}.Release|Any CPU.Build.0 = Release|Any CPU
		{B6760E13-C5F3-42DD-9737-02B8A93CBF39}.Release|x64.ActiveCfg = Release|Any CPU
		{B6760E13-C5F3-42DD-9737-02B8A93CBF39}.Release|x64.Build.0 = Release|Any CPU
		{B6760E13-C5F3-42DD-9737-02B8A93CBF39}.Release|x86.ActiveCfg = Release|Any CPU
		{B6760E13-C5F3-42DD-9737-02B8A93CBF39}.Release|x86.Build.0 = Release|Any CPU
		{1DCC8249-EB3C-49E2-8093-2ECC4672C2D4}.Debug|Any CPU.ActiveCfg = Debug|Any CPU
		{1DCC8249-EB3C-49E2-8093-2ECC4672C2D4}.Debug|Any CPU.Build.0 = Debug|Any CPU
		{1DCC8249-EB3C-49E2-8093-2ECC4672C2D4}.Debug|x64.ActiveCfg = Debug|Any CPU
		{1DCC8249-EB3C-49E2-8093-2ECC4672C2D4}.Debug|x64.Build.0 = Debug|Any CPU
		{1DCC8249-EB3C-49E2-8093-2ECC4672C2D4}.Debug|x86.ActiveCfg = Debug|Any CPU
		{1DCC8249-EB3C-49E2-8093-2ECC4672C2D4}.Debug|x86.Build.0 = Debug|Any CPU
		{1DCC8249-EB3C-49E2-8093-2ECC4672C2D4}.Release|Any CPU.ActiveCfg = Release|Any CPU
		{1DCC8249-EB3C-49E2-8093-2ECC4672C2D4}.Release|Any CPU.Build.0 = Release|Any CPU
		{1DCC8249-EB3C-49E2-8093-2ECC4672C2D4}.Release|x64.ActiveCfg = Release|Any CPU
		{1DCC8249-EB3C-49E2-8093-2ECC4672C2D4}.Release|x64.Build.0 = Release|Any CPU
		{1DCC8249-EB3C-49E2-8093-2ECC4672C2D4}.Release|x86.ActiveCfg = Release|Any CPU
		{1DCC8249-EB3C-49E2-8093-2ECC4672C2D4}.Release|x86.Build.0 = Release|Any CPU
		{AB7B1ADD-5094-47A9-901D-5770E0BA89A9}.Debug|Any CPU.ActiveCfg = Debug|Any CPU
		{AB7B1ADD-5094-47A9-901D-5770E0BA89A9}.Debug|Any CPU.Build.0 = Debug|Any CPU
		{AB7B1ADD-5094-47A9-901D-5770E0BA89A9}.Debug|x64.ActiveCfg = Debug|Any CPU
		{AB7B1ADD-5094-47A9-901D-5770E0BA89A9}.Debug|x64.Build.0 = Debug|Any CPU
		{AB7B1ADD-5094-47A9-901D-5770E0BA89A9}.Debug|x86.ActiveCfg = Debug|Any CPU
		{AB7B1ADD-5094-47A9-901D-5770E0BA89A9}.Debug|x86.Build.0 = Debug|Any CPU
		{AB7B1ADD-5094-47A9-901D-5770E0BA89A9}.Release|Any CPU.ActiveCfg = Release|Any CPU
		{AB7B1ADD-5094-47A9-901D-5770E0BA89A9}.Release|Any CPU.Build.0 = Release|Any CPU
		{AB7B1ADD-5094-47A9-901D-5770E0BA89A9}.Release|x64.ActiveCfg = Release|Any CPU
		{AB7B1ADD-5094-47A9-901D-5770E0BA89A9}.Release|x64.Build.0 = Release|Any CPU
		{AB7B1ADD-5094-47A9-901D-5770E0BA89A9}.Release|x86.ActiveCfg = Release|Any CPU
		{AB7B1ADD-5094-47A9-901D-5770E0BA89A9}.Release|x86.Build.0 = Release|Any CPU
		{13F58F3A-EB76-4EB2-A400-3A4DCED211D7}.Debug|Any CPU.ActiveCfg = Debug|Any CPU
		{13F58F3A-EB76-4EB2-A400-3A4DCED211D7}.Debug|Any CPU.Build.0 = Debug|Any CPU
		{13F58F3A-EB76-4EB2-A400-3A4DCED211D7}.Debug|x64.ActiveCfg = Debug|Any CPU
		{13F58F3A-EB76-4EB2-A400-3A4DCED211D7}.Debug|x64.Build.0 = Debug|Any CPU
		{13F58F3A-EB76-4EB2-A400-3A4DCED211D7}.Debug|x86.ActiveCfg = Debug|Any CPU
		{13F58F3A-EB76-4EB2-A400-3A4DCED211D7}.Debug|x86.Build.0 = Debug|Any CPU
		{13F58F3A-EB76-4EB2-A400-3A4DCED211D7}.Release|Any CPU.ActiveCfg = Release|Any CPU
		{13F58F3A-EB76-4EB2-A400-3A4DCED211D7}.Release|Any CPU.Build.0 = Release|Any CPU
		{13F58F3A-EB76-4EB2-A400-3A4DCED211D7}.Release|x64.ActiveCfg = Release|Any CPU
		{13F58F3A-EB76-4EB2-A400-3A4DCED211D7}.Release|x64.Build.0 = Release|Any CPU
		{13F58F3A-EB76-4EB2-A400-3A4DCED211D7}.Release|x86.ActiveCfg = Release|Any CPU
		{13F58F3A-EB76-4EB2-A400-3A4DCED211D7}.Release|x86.Build.0 = Release|Any CPU
		{1636FC52-9ABA-4176-B897-72310426C5B4}.Debug|Any CPU.ActiveCfg = Debug|Any CPU
		{1636FC52-9ABA-4176-B897-72310426C5B4}.Debug|Any CPU.Build.0 = Debug|Any CPU
		{1636FC52-9ABA-4176-B897-72310426C5B4}.Debug|x64.ActiveCfg = Debug|Any CPU
		{1636FC52-9ABA-4176-B897-72310426C5B4}.Debug|x64.Build.0 = Debug|Any CPU
		{1636FC52-9ABA-4176-B897-72310426C5B4}.Debug|x86.ActiveCfg = Debug|Any CPU
		{1636FC52-9ABA-4176-B897-72310426C5B4}.Debug|x86.Build.0 = Debug|Any CPU
		{1636FC52-9ABA-4176-B897-72310426C5B4}.Release|Any CPU.ActiveCfg = Release|Any CPU
		{1636FC52-9ABA-4176-B897-72310426C5B4}.Release|Any CPU.Build.0 = Release|Any CPU
		{1636FC52-9ABA-4176-B897-72310426C5B4}.Release|x64.ActiveCfg = Release|Any CPU
		{1636FC52-9ABA-4176-B897-72310426C5B4}.Release|x64.Build.0 = Release|Any CPU
		{1636FC52-9ABA-4176-B897-72310426C5B4}.Release|x86.ActiveCfg = Release|Any CPU
		{1636FC52-9ABA-4176-B897-72310426C5B4}.Release|x86.Build.0 = Release|Any CPU
	EndGlobalSection
	GlobalSection(SolutionProperties) = preSolution
		HideSolutionNode = FALSE
	EndGlobalSection
	GlobalSection(ExtensibilityGlobals) = postSolution
		SolutionGuid = {87081683-88FC-43F5-BDBD-583EBBB07388}
	EndGlobalSection
EndGlobal
